PODS:
  - Alamofire (4.2.0)
  - AlamofireReactive (2.0.0):
    - Alamofire (= 4.2)
    - ReactiveKit (~> 3.1)
  - Bond (6.0.0):
    - Diff (~> 0.4)
    - ReactiveKit (~> 3.3)
  - Diff (0.5.0)
  - Nimble (6.0.1)
  - Quick (1.0.0)
  - ReactiveKit (3.3.0)

DEPENDENCIES:
  - AlamofireReactive (~> 2.0)
  - Bond (~> 6.0)
  - Nimble (~> 6.0.0)
  - Quick (~> 1.0.0)
  - ReactiveKit (~> 3.2)

SPEC CHECKSUMS:
  Alamofire: aa2e09d871c9160ac53c90e83c68064a94e3dfbe
  AlamofireReactive: 1342e3ae546d02af21d370eadd7c34b7308cc473
  Bond: d34e0c37e829c991d3ef80aa860f647d677e7801
  Diff: eceb93a3adf508574ba9b8560da185ace83de055
  Nimble: 1527fd1bd2b4cf0636251a36bc8ab37e81da8347
  Quick: 8024e4a47e6cc03a9d5245ef0948264fc6d27cff
  ReactiveKit: 56a5b949847ba137da40045149785e569f292e07

PODFILE CHECKSUM: e8f5eb732e826969acc731b6e2024663d0b414a7

COCOAPODS: 1.2.0
