// !$*UTF8*$!
{
	archiveVersion = 1;
	classes = {
	};
	objectVersion = 46;
	objects = {

/* Begin PBXBuildFile section */
		4DBC7834B5F022E779B308D3 /* Pods_MVVMReactiveLoginSample.framework in Frameworks */ = {isa = PBXBuildFile; fileRef = EAE70AACF3BB77ADA8303E82 /* Pods_MVVMReactiveLoginSample.framework */; };
		88F4161BD314B4593832E2E3 /* Pods_MVVMReactiveLoginSampleTests.framework in Frameworks */ = {isa = PBXBuildFile; fileRef = 5C711F931A8E5F19F202806B /* Pods_MVVMReactiveLoginSampleTests.framework */; };
		96DE22641D3CFA970034AB1D /* AppDelegate.swift in Sources */ = {isa = PBXBuildFile; fileRef = 96DE22631D3CFA970034AB1D /* AppDelegate.swift */; };
		96DE22661D3CFA970034AB1D /* LoginViewController.swift in Sources */ = {isa = PBXBuildFile; fileRef = 96DE22651D3CFA970034AB1D /* LoginViewController.swift */; };
		96DE22691D3CFA970034AB1D /* Main.storyboard in Resources */ = {isa = PBXBuildFile; fileRef = 96DE22671D3CFA970034AB1D /* Main.storyboard */; };
		96DE226B1D3CFA970034AB1D /* Assets.xcassets in Resources */ = {isa = PBXBuildFile; fileRef = 96DE226A1D3CFA970034AB1D /* Assets.xcassets */; };
		96DE226E1D3CFA970034AB1D /* LaunchScreen.storyboard in Resources */ = {isa = PBXBuildFile; fileRef = 96DE226C1D3CFA970034AB1D /* LaunchScreen.storyboard */; };
		96DE22791D3CFA970034AB1D /* LoginViewModelTests.swift in Sources */ = {isa = PBXBuildFile; fileRef = 96DE22781D3CFA970034AB1D /* LoginViewModelTests.swift */; };
		96DE22891D3D077A0034AB1D /* LoginViewModel.swift in Sources */ = {isa = PBXBuildFile; fileRef = 96DE22881D3D077A0034AB1D /* LoginViewModel.swift */; };
		96DE228C1D3D08790034AB1D /* LoginValidator.swift in Sources */ = {isa = PBXBuildFile; fileRef = 96DE228B1D3D08790034AB1D /* LoginValidator.swift */; };
		96DE22901D3D0A030034AB1D /* LoginApi.swift in Sources */ = {isa = PBXBuildFile; fileRef = 96DE228E1D3D0A030034AB1D /* LoginApi.swift */; };
		96DE22911D3D0A030034AB1D /* LoginResponse.swift in Sources */ = {isa = PBXBuildFile; fileRef = 96DE228F1D3D0A030034AB1D /* LoginResponse.swift */; };
		96DE22931D3D0A300034AB1D /* LoginApiProtocol.swift in Sources */ = {isa = PBXBuildFile; fileRef = 96DE22921D3D0A300034AB1D /* LoginApiProtocol.swift */; };
		96DE22961D3D0EC60034AB1D /* LoadingView.swift in Sources */ = {isa = PBXBuildFile; fileRef = 96DE22951D3D0EC60034AB1D /* LoadingView.swift */; };
		96DE22981D3D0FC40034AB1D /* MessagePresenter.swift in Sources */ = {isa = PBXBuildFile; fileRef = 96DE22971D3D0FC40034AB1D /* MessagePresenter.swift */; };
/* End PBXBuildFile section */

/* Begin PBXContainerItemProxy section */
		96DE22751D3CFA970034AB1D /* PBXContainerItemProxy */ = {
			isa = PBXContainerItemProxy;
			containerPortal = 96DE22581D3CFA970034AB1D /* Project object */;
			proxyType = 1;
			remoteGlobalIDString = 96DE225F1D3CFA970034AB1D;
			remoteInfo = MVVMReactiveLoginSample;
		};
/* End PBXContainerItemProxy section */

/* Begin PBXFileReference section */
		04713572E87DFD813EE41BFA /* Pods-MVVMReactiveLoginSampleTests.debug.xcconfig */ = {isa = PBXFileReference; includeInIndex = 1; lastKnownFileType = text.xcconfig; name = "Pods-MVVMReactiveLoginSampleTests.debug.xcconfig"; path = "Pods/Target Support Files/Pods-MVVMReactiveLoginSampleTests/Pods-MVVMReactiveLoginSampleTests.debug.xcconfig"; sourceTree = "<group>"; };
		4B08CA16A4E392C9ACBD1A81 /* Pods-MVVMReactiveLoginSample.debug.xcconfig */ = {isa = PBXFileReference; includeInIndex = 1; lastKnownFileType = text.xcconfig; name = "Pods-MVVMReactiveLoginSample.debug.xcconfig"; path = "Pods/Target Support Files/Pods-MVVMReactiveLoginSample/Pods-MVVMReactiveLoginSample.debug.xcconfig"; sourceTree = "<group>"; };
		5C711F931A8E5F19F202806B /* Pods_MVVMReactiveLoginSampleTests.framework */ = {isa = PBXFileReference; explicitFileType = wrapper.framework; includeInIndex = 0; path = Pods_MVVMReactiveLoginSampleTests.framework; sourceTree = BUILT_PRODUCTS_DIR; };
		7923E7D304B36E74019E3D1E /* Pods-MVVMReactiveLoginSampleTests.release.xcconfig */ = {isa = PBXFileReference; includeInIndex = 1; lastKnownFileType = text.xcconfig; name = "Pods-MVVMReactiveLoginSampleTests.release.xcconfig"; path = "Pods/Target Support Files/Pods-MVVMReactiveLoginSampleTests/Pods-MVVMReactiveLoginSampleTests.release.xcconfig"; sourceTree = "<group>"; };
		88A97CB2AFFF823630B34916 /* Pods-MVVMReactiveLoginSample.release.xcconfig */ = {isa = PBXFileReference; includeInIndex = 1; lastKnownFileType = text.xcconfig; name = "Pods-MVVMReactiveLoginSample.release.xcconfig"; path = "Pods/Target Support Files/Pods-MVVMReactiveLoginSample/Pods-MVVMReactiveLoginSample.release.xcconfig"; sourceTree = "<group>"; };
		96DE22601D3CFA970034AB1D /* MVVMReactiveLoginSample.app */ = {isa = PBXFileReference; explicitFileType = wrapper.application; includeInIndex = 0; path = MVVMReactiveLoginSample.app; sourceTree = BUILT_PRODUCTS_DIR; };
		96DE22631D3CFA970034AB1D /* AppDelegate.swift */ = {isa = PBXFileReference; lastKnownFileType = sourcecode.swift; path = AppDelegate.swift; sourceTree = "<group>"; };
		96DE22651D3CFA970034AB1D /* LoginViewController.swift */ = {isa = PBXFileReference; lastKnownFileType = sourcecode.swift; path = LoginViewController.swift; sourceTree = "<group>"; };
		96DE22681D3CFA970034AB1D /* Base */ = {isa = PBXFileReference; lastKnownFileType = file.storyboard; name = Base; path = Base.lproj/Main.storyboard; sourceTree = "<group>"; };
		96DE226A1D3CFA970034AB1D /* Assets.xcassets */ = {isa = PBXFileReference; lastKnownFileType = folder.assetcatalog; path = Assets.xcassets; sourceTree = "<group>"; };
		96DE226D1D3CFA970034AB1D /* Base */ = {isa = PBXFileReference; lastKnownFileType = file.storyboard; name = Base; path = Base.lproj/LaunchScreen.storyboard; sourceTree = "<group>"; };
		96DE226F1D3CFA970034AB1D /* Info.plist */ = {isa = PBXFileReference; lastKnownFileType = text.plist.xml; path = Info.plist; sourceTree = "<group>"; };
		96DE22741D3CFA970034AB1D /* MVVMReactiveLoginSampleTests.xctest */ = {isa = PBXFileReference; explicitFileType = wrapper.cfbundle; includeInIndex = 0; path = MVVMReactiveLoginSampleTests.xctest; sourceTree = BUILT_PRODUCTS_DIR; };
		96DE22781D3CFA970034AB1D /* LoginViewModelTests.swift */ = {isa = PBXFileReference; lastKnownFileType = sourcecode.swift; path = LoginViewModelTests.swift; sourceTree = "<group>"; };
		96DE227A1D3CFA970034AB1D /* Info.plist */ = {isa = PBXFileReference; lastKnownFileType = text.plist.xml; path = Info.plist; sourceTree = "<group>"; };
		96DE22881D3D077A0034AB1D /* LoginViewModel.swift */ = {isa = PBXFileReference; fileEncoding = 4; lastKnownFileType = sourcecode.swift; path = LoginViewModel.swift; sourceTree = "<group>"; };
		96DE228B1D3D08790034AB1D /* LoginValidator.swift */ = {isa = PBXFileReference; fileEncoding = 4; lastKnownFileType = sourcecode.swift; path = LoginValidator.swift; sourceTree = "<group>"; };
		96DE228E1D3D0A030034AB1D /* LoginApi.swift */ = {isa = PBXFileReference; fileEncoding = 4; lastKnownFileType = sourcecode.swift; path = LoginApi.swift; sourceTree = "<group>"; };
		96DE228F1D3D0A030034AB1D /* LoginResponse.swift */ = {isa = PBXFileReference; fileEncoding = 4; lastKnownFileType = sourcecode.swift; path = LoginResponse.swift; sourceTree = "<group>"; };
		96DE22921D3D0A300034AB1D /* LoginApiProtocol.swift */ = {isa = PBXFileReference; fileEncoding = 4; lastKnownFileType = sourcecode.swift; path = LoginApiProtocol.swift; sourceTree = "<group>"; };
		96DE22951D3D0EC60034AB1D /* LoadingView.swift */ = {isa = PBXFileReference; fileEncoding = 4; lastKnownFileType = sourcecode.swift; path = LoadingView.swift; sourceTree = "<group>"; };
		96DE22971D3D0FC40034AB1D /* MessagePresenter.swift */ = {isa = PBXFileReference; fileEncoding = 4; lastKnownFileType = sourcecode.swift; path = MessagePresenter.swift; sourceTree = "<group>"; };
		EAE70AACF3BB77ADA8303E82 /* Pods_MVVMReactiveLoginSample.framework */ = {isa = PBXFileReference; explicitFileType = wrapper.framework; includeInIndex = 0; path = Pods_MVVMReactiveLoginSample.framework; sourceTree = BUILT_PRODUCTS_DIR; };
/* End PBXFileReference section */

/* Begin PBXFrameworksBuildPhase section */
		96DE225D1D3CFA970034AB1D /* Frameworks */ = {
			isa = PBXFrameworksBuildPhase;
			buildActionMask = 2147483647;
			files = (
				4DBC7834B5F022E779B308D3 /* Pods_MVVMReactiveLoginSample.framework in Frameworks */,
			);
			runOnlyForDeploymentPostprocessing = 0;
		};
		96DE22711D3CFA970034AB1D /* Frameworks */ = {
			isa = PBXFrameworksBuildPhase;
			buildActionMask = 2147483647;
			files = (
				88F4161BD314B4593832E2E3 /* Pods_MVVMReactiveLoginSampleTests.framework in Frameworks */,
			);
			runOnlyForDeploymentPostprocessing = 0;
		};
/* End PBXFrameworksBuildPhase section */

/* Begin PBXGroup section */
		38C8E378878C2A7A8045AA58 /* Pods */ = {
			isa = PBXGroup;
			children = (
				4B08CA16A4E392C9ACBD1A81 /* Pods-MVVMReactiveLoginSample.debug.xcconfig */,
				88A97CB2AFFF823630B34916 /* Pods-MVVMReactiveLoginSample.release.xcconfig */,
				04713572E87DFD813EE41BFA /* Pods-MVVMReactiveLoginSampleTests.debug.xcconfig */,
				7923E7D304B36E74019E3D1E /* Pods-MVVMReactiveLoginSampleTests.release.xcconfig */,
			);
			name = Pods;
			sourceTree = "<group>";
		};
		4DB3F976C35ECC91814243E3 /* Frameworks */ = {
			isa = PBXGroup;
			children = (
				EAE70AACF3BB77ADA8303E82 /* Pods_MVVMReactiveLoginSample.framework */,
				5C711F931A8E5F19F202806B /* Pods_MVVMReactiveLoginSampleTests.framework */,
			);
			name = Frameworks;
			sourceTree = "<group>";
		};
		96DE22571D3CFA970034AB1D = {
			isa = PBXGroup;
			children = (
				96DE22621D3CFA970034AB1D /* MVVMReactiveLoginSample */,
				96DE22771D3CFA970034AB1D /* MVVMReactiveLoginSampleTests */,
				96DE22611D3CFA970034AB1D /* Products */,
				38C8E378878C2A7A8045AA58 /* Pods */,
				4DB3F976C35ECC91814243E3 /* Frameworks */,
			);
			sourceTree = "<group>";
		};
		96DE22611D3CFA970034AB1D /* Products */ = {
			isa = PBXGroup;
			children = (
				96DE22601D3CFA970034AB1D /* MVVMReactiveLoginSample.app */,
				96DE22741D3CFA970034AB1D /* MVVMReactiveLoginSampleTests.xctest */,
			);
			name = Products;
			sourceTree = "<group>";
		};
		96DE22621D3CFA970034AB1D /* MVVMReactiveLoginSample */ = {
			isa = PBXGroup;
			children = (
				96DE228D1D3D0A030034AB1D /* Api */,
				96DE22851D3D02900034AB1D /* AppDelegate */,
				96DE22861D3D02960034AB1D /* Controller */,
				96DE22941D3D0EC60034AB1D /* Protocol */,
				96DE22871D3D077A0034AB1D /* ViewModel */,
				96DE228A1D3D08790034AB1D /* Validator */,
				96DE22841D3D027C0034AB1D /* Resources */,
				96DE22831D3D02760034AB1D /* UI */,
			);
			path = MVVMReactiveLoginSample;
			sourceTree = "<group>";
		};
		96DE22771D3CFA970034AB1D /* MVVMReactiveLoginSampleTests */ = {
			isa = PBXGroup;
			children = (
				96DE227A1D3CFA970034AB1D /* Info.plist */,
				96DE22781D3CFA970034AB1D /* LoginViewModelTests.swift */,
			);
			path = MVVMReactiveLoginSampleTests;
			sourceTree = "<group>";
		};
		96DE22831D3D02760034AB1D /* UI */ = {
			isa = PBXGroup;
			children = (
				96DE226C1D3CFA970034AB1D /* LaunchScreen.storyboard */,
				96DE22671D3CFA970034AB1D /* Main.storyboard */,
			);
			path = UI;
			sourceTree = "<group>";
		};
		96DE22841D3D027C0034AB1D /* Resources */ = {
			isa = PBXGroup;
			children = (
				96DE226A1D3CFA970034AB1D /* Assets.xcassets */,
				96DE226F1D3CFA970034AB1D /* Info.plist */,
			);
			path = Resources;
			sourceTree = "<group>";
		};
		96DE22851D3D02900034AB1D /* AppDelegate */ = {
			isa = PBXGroup;
			children = (
				96DE22631D3CFA970034AB1D /* AppDelegate.swift */,
			);
			path = AppDelegate;
			sourceTree = "<group>";
		};
		96DE22861D3D02960034AB1D /* Controller */ = {
			isa = PBXGroup;
			children = (
				96DE22651D3CFA970034AB1D /* LoginViewController.swift */,
			);
			path = Controller;
			sourceTree = "<group>";
		};
		96DE22871D3D077A0034AB1D /* ViewModel */ = {
			isa = PBXGroup;
			children = (
				96DE22881D3D077A0034AB1D /* LoginViewModel.swift */,
			);
			path = ViewModel;
			sourceTree = "<group>";
		};
		96DE228A1D3D08790034AB1D /* Validator */ = {
			isa = PBXGroup;
			children = (
				96DE228B1D3D08790034AB1D /* LoginValidator.swift */,
			);
			path = Validator;
			sourceTree = "<group>";
		};
		96DE228D1D3D0A030034AB1D /* Api */ = {
			isa = PBXGroup;
			children = (
				96DE228E1D3D0A030034AB1D /* LoginApi.swift */,
				96DE228F1D3D0A030034AB1D /* LoginResponse.swift */,
				96DE22921D3D0A300034AB1D /* LoginApiProtocol.swift */,
			);
			path = Api;
			sourceTree = "<group>";
		};
		96DE22941D3D0EC60034AB1D /* Protocol */ = {
			isa = PBXGroup;
			children = (
				96DE22971D3D0FC40034AB1D /* MessagePresenter.swift */,
				96DE22951D3D0EC60034AB1D /* LoadingView.swift */,
			);
			path = Protocol;
			sourceTree = "<group>";
		};
/* End PBXGroup section */

/* Begin PBXNativeTarget section */
		96DE225F1D3CFA970034AB1D /* MVVMReactiveLoginSample */ = {
			isa = PBXNativeTarget;
			buildConfigurationList = 96DE227D1D3CFA970034AB1D /* Build configuration list for PBXNativeTarget "MVVMReactiveLoginSample" */;
			buildPhases = (
				642CEF6F7280758E50EFB0DB /* [CP] Check Pods Manifest.lock */,
				96DE225C1D3CFA970034AB1D /* Sources */,
				96DE225D1D3CFA970034AB1D /* Frameworks */,
				96DE225E1D3CFA970034AB1D /* Resources */,
				E784F1982BC680857D27CF35 /* [CP] Embed Pods Frameworks */,
				3D2A7C51F4ABE0693D985F75 /* [CP] Copy Pods Resources */,
			);
			buildRules = (
			);
			dependencies = (
			);
			name = MVVMReactiveLoginSample;
			productName = MVVMReactiveLoginSample;
			productReference = 96DE22601D3CFA970034AB1D /* MVVMReactiveLoginSample.app */;
			productType = "com.apple.product-type.application";
		};
		96DE22731D3CFA970034AB1D /* MVVMReactiveLoginSampleTests */ = {
			isa = PBXNativeTarget;
			buildConfigurationList = 96DE22801D3CFA970034AB1D /* Build configuration list for PBXNativeTarget "MVVMReactiveLoginSampleTests" */;
			buildPhases = (
				11F61A6ACBEB716C1001DBF7 /* [CP] Check Pods Manifest.lock */,
				96DE22701D3CFA970034AB1D /* Sources */,
				96DE22711D3CFA970034AB1D /* Frameworks */,
				96DE22721D3CFA970034AB1D /* Resources */,
				555D8E809C8266F050E9CD1D /* [CP] Embed Pods Frameworks */,
				7781E873AF8B64CAD6510910 /* [CP] Copy Pods Resources */,
			);
			buildRules = (
			);
			dependencies = (
				96DE22761D3CFA970034AB1D /* PBXTargetDependency */,
			);
			name = MVVMReactiveLoginSampleTests;
			productName = MVVMReactiveLoginSampleTests;
			productReference = 96DE22741D3CFA970034AB1D /* MVVMReactiveLoginSampleTests.xctest */;
			productType = "com.apple.product-type.bundle.unit-test";
		};
/* End PBXNativeTarget section */

/* Begin PBXProject section */
		96DE22581D3CFA970034AB1D /* Project object */ = {
			isa = PBXProject;
			attributes = {
				LastSwiftUpdateCheck = 0730;
				LastUpgradeCheck = 0730;
				ORGANIZATIONNAME = marcon;
				TargetAttributes = {
					96DE225F1D3CFA970034AB1D = {
						CreatedOnToolsVersion = 7.3.1;
						LastSwiftMigration = 0820;
					};
					96DE22731D3CFA970034AB1D = {
						CreatedOnToolsVersion = 7.3.1;
						LastSwiftMigration = 0820;
						TestTargetID = 96DE225F1D3CFA970034AB1D;
					};
				};
			};
			buildConfigurationList = 96DE225B1D3CFA970034AB1D /* Build configuration list for PBXProject "MVVMReactiveLoginSample" */;
			compatibilityVersion = "Xcode 3.2";
			developmentRegion = English;
			hasScannedForEncodings = 0;
			knownRegions = (
				en,
				Base,
			);
			mainGroup = 96DE22571D3CFA970034AB1D;
			productRefGroup = 96DE22611D3CFA970034AB1D /* Products */;
			projectDirPath = "";
			projectRoot = "";
			targets = (
				96DE225F1D3CFA970034AB1D /* MVVMReactiveLoginSample */,
				96DE22731D3CFA970034AB1D /* MVVMReactiveLoginSampleTests */,
			);
		};
/* End PBXProject section */

/* Begin PBXResourcesBuildPhase section */
		96DE225E1D3CFA970034AB1D /* Resources */ = {
			isa = PBXResourcesBuildPhase;
			buildActionMask = 2147483647;
			files = (
				96DE226E1D3CFA970034AB1D /* LaunchScreen.storyboard in Resources */,
				96DE226B1D3CFA970034AB1D /* Assets.xcassets in Resources */,
				96DE22691D3CFA970034AB1D /* Main.storyboard in Resources */,
			);
			runOnlyForDeploymentPostprocessing = 0;
		};
		96DE22721D3CFA970034AB1D /* Resources */ = {
			isa = PBXResourcesBuildPhase;
			buildActionMask = 2147483647;
			files = (
			);
			runOnlyForDeploymentPostprocessing = 0;
		};
/* End PBXResourcesBuildPhase section */

/* Begin PBXShellScriptBuildPhase section */
		11F61A6ACBEB716C1001DBF7 /* [CP] Check Pods Manifest.lock */ = {
			isa = PBXShellScriptBuildPhase;
			buildActionMask = 2147483647;
			files = (
			);
			inputPaths = (
			);
			name = "[CP] Check Pods Manifest.lock";
			outputPaths = (
			);
			runOnlyForDeploymentPostprocessing = 0;
			shellPath = /bin/sh;
			shellScript = "diff \"${PODS_ROOT}/../Podfile.lock\" \"${PODS_ROOT}/Manifest.lock\" > /dev/null\nif [ $? != 0 ] ; then\n    # print error to STDERR\n    echo \"error: The sandbox is not in sync with the Podfile.lock. Run 'pod install' or update your CocoaPods installation.\" >&2\n    exit 1\nfi\n";
			showEnvVarsInLog = 0;
		};
		3D2A7C51F4ABE0693D985F75 /* [CP] Copy Pods Resources */ = {
			isa = PBXShellScriptBuildPhase;
			buildActionMask = 2147483647;
			files = (
			);
			inputPaths = (
			);
			name = "[CP] Copy Pods Resources";
			outputPaths = (
			);
			runOnlyForDeploymentPostprocessing = 0;
			shellPath = /bin/sh;
			shellScript = "\"${SRCROOT}/Pods/Target Support Files/Pods-MVVMReactiveLoginSample/Pods-MVVMReactiveLoginSample-resources.sh\"\n";
			showEnvVarsInLog = 0;
		};
		555D8E809C8266F050E9CD1D /* [CP] Embed Pods Frameworks */ = {
			isa = PBXShellScriptBuildPhase;
			buildActionMask = 2147483647;
			files = (
			);
			inputPaths = (
			);
			name = "[CP] Embed Pods Frameworks";
			outputPaths = (
			);
			runOnlyForDeploymentPostprocessing = 0;
			shellPath = /bin/sh;
			shellScript = "\"${SRCROOT}/Pods/Target Support Files/Pods-MVVMReactiveLoginSampleTests/Pods-MVVMReactiveLoginSampleTests-frameworks.sh\"\n";
			showEnvVarsInLog = 0;
		};
		642CEF6F7280758E50EFB0DB /* [CP] Check Pods Manifest.lock */ = {
			isa = PBXShellScriptBuildPhase;
			buildActionMask = 2147483647;
			files = (
			);
			inputPaths = (
			);
			name = "[CP] Check Pods Manifest.lock";
			outputPaths = (
			);
			runOnlyForDeploymentPostprocessing = 0;
			shellPath = /bin/sh;
			shellScript = "diff \"${PODS_ROOT}/../Podfile.lock\" \"${PODS_ROOT}/Manifest.lock\" > /dev/null\nif [ $? != 0 ] ; then\n    # print error to STDERR\n    echo \"error: The sandbox is not in sync with the Podfile.lock. Run 'pod install' or update your CocoaPods installation.\" >&2\n    exit 1\nfi\n";
			showEnvVarsInLog = 0;
		};
		7781E873AF8B64CAD6510910 /* [CP] Copy Pods Resources */ = {
			isa = PBXShellScriptBuildPhase;
			buildActionMask = 2147483647;
			files = (
			);
			inputPaths = (
			);
			name = "[CP] Copy Pods Resources";
			outputPaths = (
			);
			runOnlyForDeploymentPostprocessing = 0;
			shellPath = /bin/sh;
			shellScript = "\"${SRCROOT}/Pods/Target Support Files/Pods-MVVMReactiveLoginSampleTests/Pods-MVVMReactiveLoginSampleTests-resources.sh\"\n";
			showEnvVarsInLog = 0;
		};
		E784F1982BC680857D27CF35 /* [CP] Embed Pods Frameworks */ = {
			isa = PBXShellScriptBuildPhase;
			buildActionMask = 2147483647;
			files = (
			);
			inputPaths = (
			);
			name = "[CP] Embed Pods Frameworks";
			outputPaths = (
			);
			runOnlyForDeploymentPostprocessing = 0;
			shellPath = /bin/sh;
			shellScript = "\"${SRCROOT}/Pods/Target Support Files/Pods-MVVMReactiveLoginSample/Pods-MVVMReactiveLoginSample-frameworks.sh\"\n";
			showEnvVarsInLog = 0;
		};
/* End PBXShellScriptBuildPhase section */

/* Begin PBXSourcesBuildPhase section */
		96DE225C1D3CFA970034AB1D /* Sources */ = {
			isa = PBXSourcesBuildPhase;
			buildActionMask = 2147483647;
			files = (
				96DE22661D3CFA970034AB1D /* LoginViewController.swift in Sources */,
				96DE22981D3D0FC40034AB1D /* MessagePresenter.swift in Sources */,
				96DE22641D3CFA970034AB1D /* AppDelegate.swift in Sources */,
				96DE22931D3D0A300034AB1D /* LoginApiProtocol.swift in Sources */,
				96DE22911D3D0A030034AB1D /* LoginResponse.swift in Sources */,
				96DE228C1D3D08790034AB1D /* LoginValidator.swift in Sources */,
				96DE22961D3D0EC60034AB1D /* LoadingView.swift in Sources */,
				96DE22891D3D077A0034AB1D /* LoginViewModel.swift in Sources */,
				96DE22901D3D0A030034AB1D /* LoginApi.swift in Sources */,
			);
			runOnlyForDeploymentPostprocessing = 0;
		};
		96DE22701D3CFA970034AB1D /* Sources */ = {
			isa = PBXSourcesBuildPhase;
			buildActionMask = 2147483647;
			files = (
				96DE22791D3CFA970034AB1D /* LoginViewModelTests.swift in Sources */,
			);
			runOnlyForDeploymentPostprocessing = 0;
		};
/* End PBXSourcesBuildPhase section */

/* Begin PBXTargetDependency section */
		96DE22761D3CFA970034AB1D /* PBXTargetDependency */ = {
			isa = PBXTargetDependency;
			target = 96DE225F1D3CFA970034AB1D /* MVVMReactiveLoginSample */;
			targetProxy = 96DE22751D3CFA970034AB1D /* PBXContainerItemProxy */;
		};
/* End PBXTargetDependency section */

/* Begin PBXVariantGroup section */
		96DE22671D3CFA970034AB1D /* Main.storyboard */ = {
			isa = PBXVariantGroup;
			children = (
				96DE22681D3CFA970034AB1D /* Base */,
			);
			name = Main.storyboard;
			path = .;
			sourceTree = "<group>";
		};
		96DE226C1D3CFA970034AB1D /* LaunchScreen.storyboard */ = {
			isa = PBXVariantGroup;
			children = (
				96DE226D1D3CFA970034AB1D /* Base */,
			);
			name = LaunchScreen.storyboard;
			path = .;
			sourceTree = "<group>";
		};
/* End PBXVariantGroup section */

/* Begin XCBuildConfiguration section */
		96DE227B1D3CFA970034AB1D /* Debug */ = {
			isa = XCBuildConfiguration;
			buildSettings = {
				ALWAYS_SEARCH_USER_PATHS = NO;
				CLANG_ANALYZER_NONNULL = YES;
				CLANG_CXX_LANGUAGE_STANDARD = "gnu++0x";
				CLANG_CXX_LIBRARY = "libc++";
				CLANG_ENABLE_MODULES = YES;
				CLANG_ENABLE_OBJC_ARC = YES;
				CLANG_WARN_BOOL_CONVERSION = YES;
				CLANG_WARN_CONSTANT_CONVERSION = YES;
				CLANG_WARN_DIRECT_OBJC_ISA_USAGE = YES_ERROR;
				CLANG_WARN_EMPTY_BODY = YES;
				CLANG_WARN_ENUM_CONVERSION = YES;
				CLANG_WARN_INT_CONVERSION = YES;
				CLANG_WARN_OBJC_ROOT_CLASS = YES_ERROR;
				CLANG_WARN_UNREACHABLE_CODE = YES;
				CLANG_WARN__DUPLICATE_METHOD_MATCH = YES;
				"CODE_SIGN_IDENTITY[sdk=iphoneos*]" = "iPhone Developer";
				COPY_PHASE_STRIP = NO;
				DEBUG_INFORMATION_FORMAT = dwarf;
				ENABLE_STRICT_OBJC_MSGSEND = YES;
				ENABLE_TESTABILITY = YES;
				GCC_C_LANGUAGE_STANDARD = gnu99;
				GCC_DYNAMIC_NO_PIC = NO;
				GCC_NO_COMMON_BLOCKS = YES;
				GCC_OPTIMIZATION_LEVEL = 0;
				GCC_PREPROCESSOR_DEFINITIONS = (
					"DEBUG=1",
					"$(inherited)",
				);
				GCC_WARN_64_TO_32_BIT_CONVERSION = YES;
				GCC_WARN_ABOUT_RETURN_TYPE = YES_ERROR;
				GCC_WARN_UNDECLARED_SELECTOR = YES;
				GCC_WARN_UNINITIALIZED_AUTOS = YES_AGGRESSIVE;
				GCC_WARN_UNUSED_FUNCTION = YES;
				GCC_WARN_UNUSED_VARIABLE = YES;
				IPHONEOS_DEPLOYMENT_TARGET = 9.3;
				MTL_ENABLE_DEBUG_INFO = YES;
				ONLY_ACTIVE_ARCH = YES;
				SDKROOT = iphoneos;
				SWIFT_OPTIMIZATION_LEVEL = "-Onone";
				TARGETED_DEVICE_FAMILY = "1,2";
			};
			name = Debug;
		};
		96DE227C1D3CFA970034AB1D /* Release */ = {
			isa = XCBuildConfiguration;
			buildSettings = {
				ALWAYS_SEARCH_USER_PATHS = NO;
				CLANG_ANALYZER_NONNULL = YES;
				CLANG_CXX_LANGUAGE_STANDARD = "gnu++0x";
				CLANG_CXX_LIBRARY = "libc++";
				CLANG_ENABLE_MODULES = YES;
				CLANG_ENABLE_OBJC_ARC = YES;
				CLANG_WARN_BOOL_CONVERSION = YES;
				CLANG_WARN_CONSTANT_CONVERSION = YES;
				CLANG_WARN_DIRECT_OBJC_ISA_USAGE = YES_ERROR;
				CLANG_WARN_EMPTY_BODY = YES;
				CLANG_WARN_ENUM_CONVERSION = YES;
				CLANG_WARN_INT_CONVERSION = YES;
				CLANG_WARN_OBJC_ROOT_CLASS = YES_ERROR;
				CLANG_WARN_UNREACHABLE_CODE = YES;
				CLANG_WARN__DUPLICATE_METHOD_MATCH = YES;
				"CODE_SIGN_IDENTITY[sdk=iphoneos*]" = "iPhone Developer";
				COPY_PHASE_STRIP = NO;
				DEBUG_INFORMATION_FORMAT = "dwarf-with-dsym";
				ENABLE_NS_ASSERTIONS = NO;
				ENABLE_STRICT_OBJC_MSGSEND = YES;
				GCC_C_LANGUAGE_STANDARD = gnu99;
				GCC_NO_COMMON_BLOCKS = YES;
				GCC_WARN_64_TO_32_BIT_CONVERSION = YES;
				GCC_WARN_ABOUT_RETURN_TYPE = YES_ERROR;
				GCC_WARN_UNDECLARED_SELECTOR = YES;
				GCC_WARN_UNINITIALIZED_AUTOS = YES_AGGRESSIVE;
				GCC_WARN_UNUSED_FUNCTION = YES;
				GCC_WARN_UNUSED_VARIABLE = YES;
				IPHONEOS_DEPLOYMENT_TARGET = 9.3;
				MTL_ENABLE_DEBUG_INFO = NO;
				SDKROOT = iphoneos;
				TARGETED_DEVICE_FAMILY = "1,2";
				VALIDATE_PRODUCT = YES;
			};
			name = Release;
		};
		96DE227E1D3CFA970034AB1D /* Debug */ = {
			isa = XCBuildConfiguration;
			baseConfigurationReference = 4B08CA16A4E392C9ACBD1A81 /* Pods-MVVMReactiveLoginSample.debug.xcconfig */;
			buildSettings = {
				ASSETCATALOG_COMPILER_APPICON_NAME = AppIcon;
				INFOPLIST_FILE = MVVMReactiveLoginSample/Resources/Info.plist;
				LD_RUNPATH_SEARCH_PATHS = "$(inherited) @executable_path/Frameworks";
				PRODUCT_BUNDLE_IDENTIFIER = com.marcon.MVVMReactiveLoginSample;
				PRODUCT_NAME = "$(TARGET_NAME)";
				SWIFT_VERSION = 3.0;
			};
			name = Debug;
		};
		96DE227F1D3CFA970034AB1D /* Release */ = {
			isa = XCBuildConfiguration;
			baseConfigurationReference = 88A97CB2AFFF823630B34916 /* Pods-MVVMReactiveLoginSample.release.xcconfig */;
			buildSettings = {
				ASSETCATALOG_COMPILER_APPICON_NAME = AppIcon;
				INFOPLIST_FILE = MVVMReactiveLoginSample/Resources/Info.plist;
				LD_RUNPATH_SEARCH_PATHS = "$(inherited) @executable_path/Frameworks";
				PRODUCT_BUNDLE_IDENTIFIER = com.marcon.MVVMReactiveLoginSample;
				PRODUCT_NAME = "$(TARGET_NAME)";
				SWIFT_VERSION = 3.0;
			};
			name = Release;
		};
		96DE22811D3CFA970034AB1D /* Debug */ = {
			isa = XCBuildConfiguration;
			baseConfigurationReference = 04713572E87DFD813EE41BFA /* Pods-MVVMReactiveLoginSampleTests.debug.xcconfig */;
			buildSettings = {
				BUNDLE_LOADER = "$(TEST_HOST)";
				INFOPLIST_FILE = MVVMReactiveLoginSampleTests/Info.plist;
				LD_RUNPATH_SEARCH_PATHS = "$(inherited) @executable_path/Frameworks @loader_path/Frameworks";
				PRODUCT_BUNDLE_IDENTIFIER = com.marcon.MVVMReactiveLoginSampleTests;
				PRODUCT_NAME = "$(TARGET_NAME)";
				SWIFT_VERSION = 3.0;
				TEST_HOST = "$(BUILT_PRODUCTS_DIR)/MVVMReactiveLoginSample.app/MVVMReactiveLoginSample";
			};
			name = Debug;
		};
		96DE22821D3CFA970034AB1D /* Release */ = {
			isa = XCBuildConfiguration;
			baseConfigurationReference = 7923E7D304B36E74019E3D1E /* Pods-MVVMReactiveLoginSampleTests.release.xcconfig */;
			buildSettings = {
				BUNDLE_LOADER = "$(TEST_HOST)";
				INFOPLIST_FILE = MVVMReactiveLoginSampleTests/Info.plist;
				LD_RUNPATH_SEARCH_PATHS = "$(inherited) @executable_path/Frameworks @loader_path/Frameworks";
				PRODUCT_BUNDLE_IDENTIFIER = com.marcon.MVVMReactiveLoginSampleTests;
				PRODUCT_NAME = "$(TARGET_NAME)";
				SWIFT_VERSION = 3.0;
				TEST_HOST = "$(BUILT_PRODUCTS_DIR)/MVVMReactiveLoginSample.app/MVVMReactiveLoginSample";
			};
			name = Release;
		};
/* End XCBuildConfiguration section */

/* Begin XCConfigurationList section */
		96DE225B1D3CFA970034AB1D /* Build configuration list for PBXProject "MVVMReactiveLoginSample" */ = {
			isa = XCConfigurationList;
			buildConfigurations = (
				96DE227B1D3CFA970034AB1D /* Debug */,
				96DE227C1D3CFA970034AB1D /* Release */,
			);
			defaultConfigurationIsVisible = 0;
			defaultConfigurationName = Release;
		};
		96DE227D1D3CFA970034AB1D /* Build configuration list for PBXNativeTarget "MVVMReactiveLoginSample" */ = {
			isa = XCConfigurationList;
			buildConfigurations = (
				96DE227E1D3CFA970034AB1D /* Debug */,
				96DE227F1D3CFA970034AB1D /* Release */,
			);
			defaultConfigurationIsVisible = 0;
			defaultConfigurationName = Release;
		};
		96DE22801D3CFA970034AB1D /* Build configuration list for PBXNativeTarget "MVVMReactiveLoginSampleTests" */ = {
			isa = XCConfigurationList;
			buildConfigurations = (
				96DE22811D3CFA970034AB1D /* Debug */,
				96DE22821D3CFA970034AB1D /* Release */,
			);
			defaultConfigurationIsVisible = 0;
			defaultConfigurationName = Release;
		};
/* End XCConfigurationList section */
	};
	rootObject = 96DE22581D3CFA970034AB1D /* Project object */;
}
